Microsoft Visual Studio Solution File, Format Version 12.00
# Visual Studio Version 17
VisualStudioVersion = 17.13.35931.197
MinimumVisualStudioVersion = 10.0.40219.1
Project("{FAE04EC0-301F-11D3-BF4B-00C04F79EFBC}") = "Task1", "Task1\Task1.csproj", "{A5803081-89C7-4696-8F3D-BEE0858870A9}"
EndProject
Global
	GlobalSection(SolutionConfigurationPlatforms) = preSolution
		Debug|Any CPU = Debug|Any CPU
		Release|Any CPU = Release|Any CPU
	EndGlobalSection
	GlobalSection(ProjectConfigurationPlatforms) = postSolution
		{A5803081-89C7-4696-8F3D-BEE0858870A9}.Debug|Any CPU.ActiveCfg = Debug|Any CPU
		{A5803081-89C7-4696-8F3D-BEE0858870A9}.Debug|Any CPU.Build.0 = Debug|Any CPU
		{A5803081-89C7-4696-8F3D-BEE0858870A9}.Release|Any CPU.ActiveCfg = Release|Any CPU
		{A5803081-89C7-4696-8F3D-BEE0858870A9}.Release|Any CPU.Build.0 = Release|Any CPU
	EndGlobalSection
	GlobalSection(SolutionProperties) = preSolution
		HideSolutionNode = FALSE
	EndGlobalSection
	GlobalSection(ExtensibilityGlobals) = postSolution
		SolutionGuid = {79AC95C2-01C4-4E52-BA14-FD505535080D}
	EndGlobalSection
EndGlobal
